
Microsoft Visual Studio Solution File, Format Version 12.00
# Visual Studio Version 17
VisualStudioVersion = 17.13.35931.197 d17.13
MinimumVisualStudioVersion = 10.0.40219.1
Project("{FAE04EC0-301F-11D3-BF4B-00C04F79EFBC}") = "ProjektCarRental", "ProjektCarRental.csproj", "{216CCBDB-BA96-46DD-B805-0FD78D8BE11C}"
EndProject
Global
	GlobalSection(SolutionConfigurationPlatforms) = preSolution
		Debug|Any CPU = Debug|Any CPU
		Release|Any CPU = Release|Any CPU
	EndGlobalSection
	GlobalSection(ProjectConfigurationPlatforms) = postSolution
		{216CCBDB-BA96-46DD-B805-0FD78D8BE11C}.Debug|Any CPU.ActiveCfg = Debug|Any CPU
		{216CCBDB-BA96-46DD-B805-0FD78D8BE11C}.Debug|Any CPU.Build.0 = Debug|Any CPU
		{216CCBDB-BA96-46DD-B805-0FD78D8BE11C}.Release|Any CPU.ActiveCfg = Release|Any CPU
		{216CCBDB-BA96-46DD-B805-0FD78D8BE11C}.Release|Any CPU.Build.0 = Release|Any CPU
	EndGlobalSection
	GlobalSection(SolutionProperties) = preSolution
		HideSolutionNode = FALSE
	EndGlobalSection
	GlobalSection(ExtensibilityGlobals) = postSolution
		SolutionGuid = {8F1AC1D9-5BCA-4C22-9447-F2FAD1E5DCAF}
	EndGlobalSection
EndGlobal
